Microsoft Visual Studio Solution File, Format Version 8.00
Project("{8BC9CEB8-8B4A-11D0-8D11-00A0C91BC942}") = "example", "example.vcproj", "{6043EEE8-49C0-4894-9170-C851FDDF81F2}"
	ProjectSection(ProjectDependencies) = postProject
		{B8E4FCEC-D679-410A-9C99-94833C4F6FAE} = {B8E4FCEC-D679-410A-9C99-94833C4F6FAE}
	EndProjectSection
EndProject
Project("{8BC9CEB8-8B4A-11D0-8D11-00A0C91BC942}") = "minigzip", "minigzip.vcproj", "{F309F376-FE13-46D4-A715-10F997094B23}"
	ProjectSection(ProjectDependencies) = postProject
		{B8E4FCEC-D679-410A-9C99-94833C4F6FAE} = {B8E4FCEC-D679-410A-9C99-94833C4F6FAE}
	EndProjectSection
EndProject
Project("{8BC9CEB8-8B4A-11D0-8D11-00A0C91BC942}") = "zlib", "zlib.vcproj", "{B8E4FCEC-D679-410A-9C99-94833C4F6FAE}"
	ProjectSection(ProjectDependencies) = postProject
	EndProjectSection
EndProject
Global
	GlobalSection(SolutionConfiguration) = preSolution
		DLL ASM Debug = DLL ASM Debug
		DLL ASM Release = DLL ASM Release
		DLL Debug = DLL Debug
		DLL Release = DLL Release
		LIB ASM Debug = LIB ASM Debug
		LIB ASM Release = LIB ASM Release
		LIB Debug = LIB Debug
		LIB Release = LIB Release
	EndGlobalSection
	GlobalSection(ProjectConfiguration) = postSolution
		{6043EEE8-49C0-4894-9170-C851FDDF81F2}.DLL ASM Debug.ActiveCfg = DLL ASM Debug|Win32
		{6043EEE8-49C0-4894-9170-C851FDDF81F2}.DLL ASM Debug.Build.0 = DLL ASM Debug|Win32
		{6043EEE8-49C0-4894-9170-C851FDDF81F2}.DLL ASM Release.ActiveCfg = DLL ASM Release|Win32
		{6043EEE8-49C0-4894-9170-C851FDDF81F2}.DLL ASM Release.Build.0 = DLL ASM Release|Win32
		{6043EEE8-49C0-4894-9170-C851FDDF81F2}.DLL Debug.ActiveCfg = DLL Debug|Win32
		{6043EEE8-49C0-4894-9170-C851FDDF81F2}.DLL Debug.Build.0 = DLL Debug|Win32
		{6043EEE8-49C0-4894-9170-C851FDDF81F2}.DLL Release.ActiveCfg = DLL Release|Win32
		{6043EEE8-49C0-4894-9170-C851FDDF81F2}.DLL Release.Build.0 = DLL Release|Win32
		{6043EEE8-49C0-4894-9170-C851FDDF81F2}.LIB ASM Debug.ActiveCfg = LIB ASM Debug|Win32
		{6043EEE8-49C0-4894-9170-C851FDDF81F2}.LIB ASM Debug.Build.0 = LIB ASM Debug|Win32
		{6043EEE8-49C0-4894-9170-C851FDDF81F2}.LIB ASM Release.ActiveCfg = LIB ASM Release|Win32
		{6043EEE8-49C0-4894-9170-C851FDDF81F2}.LIB ASM Release.Build.0 = LIB ASM Release|Win32
		{6043EEE8-49C0-4894-9170-C851FDDF81F2}.LIB Debug.ActiveCfg = LIB Debug|Win32
		{6043EEE8-49C0-4894-9170-C851FDDF81F2}.LIB Debug.Build.0 = LIB Debug|Win32
		{6043EEE8-49C0-4894-9170-C851FDDF81F2}.LIB Release.ActiveCfg = LIB Release|Win32
		{6043EEE8-49C0-4894-9170-C851FDDF81F2}.LIB Release.Build.0 = LIB Release|Win32
		{F309F376-FE13-46D4-A715-10F997094B23}.DLL ASM Debug.ActiveCfg = DLL ASM Debug|Win32
		{F309F376-FE13-46D4-A715-10F997094B23}.DLL ASM Debug.Build.0 = DLL ASM Debug|Win32
		{F309F376-FE13-46D4-A715-10F997094B23}.DLL ASM Release.ActiveCfg = DLL ASM Release|Win32
		{F309F376-FE13-46D4-A715-10F997094B23}.DLL ASM Release.Build.0 = DLL ASM Release|Win32
		{F309F376-FE13-46D4-A715-10F997094B23}.DLL Debug.ActiveCfg = DLL Debug|Win32
		{F309F376-FE13-46D4-A715-10F997094B23}.DLL Debug.Build.0 = DLL Debug|Win32
		{F309F376-FE13-46D4-A715-10F997094B23}.DLL Release.ActiveCfg = DLL Release|Win32
		{F309F376-FE13-46D4-A715-10F997094B23}.DLL Release.Build.0 = DLL Release|Win32
		{F309F376-FE13-46D4-A715-10F997094B23}.LIB ASM Debug.ActiveCfg = LIB ASM Debug|Win32
		{F309F376-FE13-46D4-A715-10F997094B23}.LIB ASM Debug.Build.0 = LIB ASM Debug|Win32
		{F309F376-FE13-46D4-A715-10F997094B23}.LIB ASM Release.ActiveCfg = LIB ASM Release|Win32
		{F309F376-FE13-46D4-A715-10F997094B23}.LIB ASM Release.Build.0 = LIB ASM Release|Win32
		{F309F376-FE13-46D4-A715-10F997094B23}.LIB Debug.ActiveCfg = LIB Debug|Win32
		{F309F376-FE13-46D4-A715-10F997094B23}.LIB Debug.Build.0 = LIB Debug|Win32
		{F309F376-FE13-46D4-A715-10F997094B23}.LIB Release.ActiveCfg = LIB Release|Win32
		{F309F376-FE13-46D4-A715-10F997094B23}.LIB Release.Build.0 = LIB Release|Win32
		{B8E4FCEC-D679-410A-9C99-94833C4F6FAE}.DLL ASM Debug.ActiveCfg = DLL ASM Debug|Win32
		{B8E4FCEC-D679-410A-9C99-94833C4F6FAE}.DLL ASM Debug.Build.0 = DLL ASM Debug|Win32
		{B8E4FCEC-D679-410A-9C99-94833C4F6FAE}.DLL ASM Release.ActiveCfg = DLL ASM Release|Win32
		{B8E4FCEC-D679-410A-9C99-94833C4F6FAE}.DLL ASM Release.Build.0 = DLL ASM Release|Win32
		{B8E4FCEC-D679-410A-9C99-94833C4F6FAE}.DLL Debug.ActiveCfg = DLL Debug|Win32
		{B8E4FCEC-D679-410A-9C99-94833C4F6FAE}.DLL Debug.Build.0 = DLL Debug|Win32
		{B8E4FCEC-D679-410A-9C99-94833C4F6FAE}.DLL Release.ActiveCfg = DLL Release|Win32
		{B8E4FCEC-D679-410A-9C99-94833C4F6FAE}.DLL Release.Build.0 = DLL Release|Win32
		{B8E4FCEC-D679-410A-9C99-94833C4F6FAE}.LIB ASM Debug.ActiveCfg = LIB ASM Debug|Win32
		{B8E4FCEC-D679-410A-9C99-94833C4F6FAE}.LIB ASM Debug.Build.0 = LIB ASM Debug|Win32
		{B8E4FCEC-D679-410A-9C99-94833C4F6FAE}.LIB ASM Release.ActiveCfg = LIB ASM Release|Win32
		{B8E4FCEC-D679-410A-9C99-94833C4F6FAE}.LIB ASM Release.Build.0 = LIB ASM Release|Win32
		{B8E4FCEC-D679-410A-9C99-94833C4F6FAE}.LIB Debug.ActiveCfg = LIB Debug|Win32
		{B8E4FCEC-D679-410A-9C99-94833C4F6FAE}.LIB Debug.Build.0 = LIB Debug|Win32
		{B8E4FCEC-D679-410A-9C99-94833C4F6FAE}.LIB Release.ActiveCfg = LIB Release|Win32
		{B8E4FCEC-D679-410A-9C99-94833C4F6FAE}.LIB Release.Build.0 = LIB Release|Win32
	EndGlobalSection
	GlobalSection(ExtensibilityGlobals) = postSolution
	EndGlobalSection
	GlobalSection(ExtensibilityAddIns) = postSolution
	EndGlobalSection
EndGlobal
